[[package]]
name = "autopep8"
version = "2.0.0"
description = "A tool that automatically formats Python code to conform to the PEP 8 style guide"
category = "dev"
optional = false
python-versions = "*"

[package.dependencies]
pycodestyle = ">=2.9.1"
tomli = "*"

[[package]]
name = "flake8"
version = "6.0.0"
description = "the modular source code checker: pep8 pyflakes and co"
category = "dev"
optional = false
python-versions = ">=3.8.1"

[package.dependencies]
mccabe = ">=0.7.0,<0.8.0"
pycodestyle = ">=2.10.0,<2.11.0"
pyflakes = ">=3.0.0,<3.1.0"

[[package]]
name = "isodate"
version = "0.6.1"
description = "An ISO 8601 date/time/duration parser and formatter"
category = "main"
optional = false
python-versions = "*"

[package.dependencies]
six = "*"

[[package]]
name = "mccabe"
version = "0.7.0"
description = "McCabe checker, plugin for flake8"
category = "dev"
optional = false
python-versions = ">=3.6"

[[package]]
name = "networkx"
version = "2.8.8"
description = "Python package for creating and manipulating graphs and networks"
category = "main"
optional = false
python-versions = ">=3.8"

[package.extras]
default = ["matplotlib (>=3.4)", "numpy (>=1.19)", "pandas (>=1.3)", "scipy (>=1.8)"]
developer = ["mypy (>=0.982)", "pre-commit (>=2.20)"]
doc = ["nb2plots (>=0.6)", "numpydoc (>=1.5)", "pillow (>=9.2)", "pydata-sphinx-theme (>=0.11)", "sphinx (>=5.2)", "sphinx-gallery (>=0.11)", "texext (>=0.6.6)"]
extra = ["lxml (>=4.6)", "pydot (>=1.4.2)", "pygraphviz (>=1.9)", "sympy (>=1.10)"]
test = ["codecov (>=2.1)", "pytest (>=7.2)", "pytest-cov (>=4.0)"]

[[package]]
name = "pycodestyle"
version = "2.10.0"
description = "Python style guide checker"
category = "dev"
optional = false
python-versions = ">=3.6"

[[package]]
name = "pyflakes"
version = "3.0.1"
description = "passive checker of Python programs"
category = "dev"
optional = false
python-versions = ">=3.6"

[[package]]
name = "pyparsing"
version = "3.0.9"
description = "pyparsing module - Classes and methods to define and execute parsing grammars"
category = "main"
optional = false
python-versions = ">=3.6.8"

[package.extras]
diagrams = ["jinja2", "railroad-diagrams"]

[[package]]
name = "rdflib"
version = "6.2.0"
description = "RDFLib is a Python library for working with RDF, a simple yet powerful language for representing information."
category = "main"
optional = false
python-versions = ">=3.7"

[package.dependencies]
isodate = "*"
pyparsing = "*"
setuptools = "*"

[package.extras]
berkeleydb = ["berkeleydb"]
dev = ["black (==22.6.0)", "flake8", "flakeheaven", "isort", "mypy", "pep8-naming", "types-setuptools"]
docs = ["myst-parser", "sphinx (<6)", "sphinx-autodoc-typehints", "sphinxcontrib-apidoc", "sphinxcontrib-kroki"]
html = ["html5lib"]
networkx = ["networkx"]
tests = ["html5lib", "pytest", "pytest-cov"]

[[package]]
name = "setuptools"
version = "65.6.3"
description = "Easily download, build, install, upgrade, and uninstall Python packages"
category = "main"
optional = false
python-versions = ">=3.7"

[package.extras]
docs = ["furo", "jaraco.packaging (>=9)", "jaraco.tidelift (>=1.4)", "pygments-github-lexers (==0.0.5)", "rst.linker (>=1.9)", "sphinx (>=3.5)", "sphinx-favicon", "sphinx-hoverxref (<2)", "sphinx-inline-tabs", "sphinx-notfound-page (==0.8.3)", "sphinx-reredirects", "sphinxcontrib-towncrier"]
testing = ["build[virtualenv]", "filelock (>=3.4.0)", "flake8 (<5)", "flake8-2020", "ini2toml[lite] (>=0.9)", "jaraco.envs (>=2.2)", "jaraco.path (>=3.2.0)", "pip (>=19.1)", "pip-run (>=8.8)", "pytest (>=6)", "pytest-black (>=0.3.7)", "pytest-checkdocs (>=2.4)", "pytest-cov", "pytest-enabler (>=1.3)", "pytest-flake8", "pytest-mypy (>=0.9.1)", "pytest-perf", "pytest-timeout", "pytest-xdist", "tomli-w (>=1.0.0)", "virtualenv (>=13.0.0)", "wheel"]
testing-integration = ["build[virtualenv]", "filelock (>=3.4.0)", "jaraco.envs (>=2.2)", "jaraco.path (>=3.2.0)", "pytest", "pytest-enabler", "pytest-xdist", "tomli", "virtualenv (>=13.0.0)", "wheel"]

[[package]]
name = "six"
version = "1.16.0"
description = "Python 2 and 3 compatibility utilities"
category = "main"
optional = false
python-versions = ">=2.7, !=3.0.*, !=3.1.*, !=3.2.*"

[[package]]
name = "tomli"
version = "2.0.1"
description = "A lil' TOML parser"
category = "dev"
optional = false
python-versions = ">=3.7"

[metadata]
lock-version = "1.1"
python-versions = ">=3.8.1,<4.0"
content-hash = "4826b4f68fc5a9255c13dc1e33b48d3e2916fee85ba4d971c6387d42a0337939"

[metadata.files]
autopep8 = [
    {file = "autopep8-2.0.0-py2.py3-none-any.whl", hash = "sha256:ad924b42c2e27a1ac58e432166cc4588f5b80747de02d0d35b1ecbd3e7d57207"},
    {file = "autopep8-2.0.0.tar.gz", hash = "sha256:8b1659c7f003e693199f52caffdc06585bb0716900bbc6a7442fd931d658c077"},
]
flake8 = [
    {file = "flake8-6.0.0-py2.py3-none-any.whl", hash = "sha256:3833794e27ff64ea4e9cf5d410082a8b97ff1a06c16aa3d2027339cd0f1195c7"},
    {file = "flake8-6.0.0.tar.gz", hash = "sha256:c61007e76655af75e6785a931f452915b371dc48f56efd765247c8fe68f2b181"},
]
isodate = [
    {file = "isodate-0.6.1-py2.py3-none-any.whl", hash = "sha256:0751eece944162659049d35f4f549ed815792b38793f07cf73381c1c87cbed96"},
    {file = "isodate-0.6.1.tar.gz", hash = "sha256:48c5881de7e8b0a0d648cb024c8062dc84e7b840ed81e864c7614fd3c127bde9"},
]
mccabe = [
    {file = "mccabe-0.7.0-py2.py3-none-any.whl", hash = "sha256:6c2d30ab6be0e4a46919781807b4f0d834ebdd6c6e3dca0bda5a15f863427b6e"},
    {file = "mccabe-0.7.0.tar.gz", hash = "sha256:348e0240c33b60bbdf4e523192ef919f28cb2c3d7d5c7794f74009290f236325"},
]
networkx = [
    {file = "networkx-2.8.8-py3-none-any.whl", hash = "sha256:e435dfa75b1d7195c7b8378c3859f0445cd88c6b0375c181ed66823a9ceb7524"},
    {file = "networkx-2.8.8.tar.gz", hash = "sha256:230d388117af870fce5647a3c52401fcf753e94720e6ea6b4197a5355648885e"},
]
pycodestyle = [
    {file = "pycodestyle-2.10.0-py2.py3-none-any.whl", hash = "sha256:8a4eaf0d0495c7395bdab3589ac2db602797d76207242c17d470186815706610"},
    {file = "pycodestyle-2.10.0.tar.gz", hash = "sha256:347187bdb476329d98f695c213d7295a846d1152ff4fe9bacb8a9590b8ee7053"},
]
pyflakes = [
    {file = "pyflakes-3.0.1-py2.py3-none-any.whl", hash = "sha256:ec55bf7fe21fff7f1ad2f7da62363d749e2a470500eab1b555334b67aa1ef8cf"},
    {file = "pyflakes-3.0.1.tar.gz", hash = "sha256:ec8b276a6b60bd80defed25add7e439881c19e64850afd9b346283d4165fd0fd"},
]
pyparsing = [
    {file = "pyparsing-3.0.9-py3-none-any.whl", hash = "sha256:5026bae9a10eeaefb61dab2f09052b9f4307d44aee4eda64b309723d8d206bbc"},
    {file = "pyparsing-3.0.9.tar.gz", hash = "sha256:2b020ecf7d21b687f219b71ecad3631f644a47f01403fa1d1036b0c6416d70fb"},
]
rdflib = [
    {file = "rdflib-6.2.0-py3-none-any.whl", hash = "sha256:85c34a86dfc517a41e5f2425a41a0aceacc23983462b32e68610b9fad1383bca"},
    {file = "rdflib-6.2.0.tar.gz", hash = "sha256:62dc3c86d1712db0f55785baf8047f63731fa59b2682be03219cb89262065942"},
]
setuptools = [
    {file = "setuptools-65.6.3-py3-none-any.whl", hash = "sha256:57f6f22bde4e042978bcd50176fdb381d7c21a9efa4041202288d3737a0c6a54"},
    {file = "setuptools-65.6.3.tar.gz", hash = "sha256:a7620757bf984b58deaf32fc8a4577a9bbc0850cf92c20e1ce41c38c19e5fb75"},
]
six = [
    {file = "six-1.16.0-py2.py3-none-any.whl", hash = "sha256:8abb2f1d86890a2dfb989f9a77cfcfd3e47c2a354b01111771326f8aa26e0254"},
    {file = "six-1.16.0.tar.gz", hash = "sha256:1e61c37477a1626458e36f7b1d82aa5c9b094fa4802892072e49de9c60c4c926"},
]
tomli = [
    {file = "tomli-2.0.1-py3-none-any.whl", hash = "sha256:939de3e7a6161af0c887ef91b7d41a53e7c5a1ca976325f429cb46ea9bc30ecc"},
    {file = "tomli-2.0.1.tar.gz", hash = "sha256:de526c12914f0c550d15924c62d72abc48d6fe7364aa87328337a31007fe8a4f"},
]
